---
lockfileVersion: '9.0'

importers:

  .:
    configDependencies: {}
    packageManagerDependencies:
      pnpm:
        specifier: 12.8.1
        version: 12.8.1

packages:

  '@pnpm/exe.android-arm64@12.8.1':
    resolution: {integrity: sha512-siDxcidfz5eM6L2tJfik+i2bbUEw8UC7MZ3Yl2HYdRmqbdhHGAOQACtOOu6QVW4Jul4/w5wVKm+wM8ACtgh1Pg==}
    cpu: [arm64]
    os: [android]

  '@pnpm/exe.android-x64@12.8.1':
    resolution: {integrity: sha512-0F/uqPRc3aN4vLHsa0f+6fTtmsigFQ9/yxEU43fionF//pNHEd5e97b3w/nKIgqYMCUQCJphmBRMA9Q8/wlo9Q==}
    cpu: [x64]
    os: [android]

  '@pnpm/exe.darwin-arm64@12.8.1':
    resolution: {integrity: sha512-/rwavvMQJsl2RIxOHBnDF+4Gk+fhQFAY4M3PQZoKskJOEnaJcygG9p1xby6wcQcbS4d9dIubv09CQhufTgfmpw==}
    cpu: [arm64]
    os: [darwin]

  '@pnpm/exe.darwin-x64@12.8.1':
    resolution: {integrity: sha512-htYt2gN7zqJKLhC99Ft6EUiO7myjZAZXfmGCTJUL1v+o7vE9hZdE1+fAkk4Oj1ZHNRti6b2woOxEkRkAusi8OQ==}
    cpu: [x64]
    os: [darwin]

  '@pnpm/exe.freebsd-x64@12.8.1':
    resolution: {integrity: sha512-PB5BULNgytxvExoOXUUeseS/DcpPENs+cg3iA6xHHeaLT4ctEGKSGXEbuj7USeqvo8JBpAx039hivnbzGqDwnA==}
    cpu: [x64]
    os: [freebsd]

  '@pnpm/exe.linux-arm64-musl@12.8.1':
    resolution: {integrity: sha512-kKeyC/ArjrgdciQRBrOL0j9HtOI4gDRgoyP+eJ1CQKyadpKlf/DhDDyspXe07R3B9KagTVLUF2nlt6Dr5quFIg==}
    cpu: [arm64]
    os: [linux]
    libc: [musl]

  '@pnpm/exe.linux-arm64@12.8.1':
    resolution: {integrity: sha512-q4s9a9X2O3N9aeUFooW24orNrxvu20+jyVUFR5RanPCqOKKPBrgs2iywMkBBx1aXkkzdWT54/mfz8Be8sJlWEw==}
    cpu: [arm64]
    os: [linux]
    libc: [glibc]

  '@pnpm/exe.linux-ppc64@12.8.1':
    resolution: {integrity: sha512-F7XSjKJthwCh/L6abZiMpAfo2Cm61SZIT3e4dfgiIjESndlWaXCnfLKngSgZ/SEMsdmHT6dud3+kWIB3tw0/xQ==}
    cpu: [ppc64]
    os: [linux]
    libc: [glibc]

  '@pnpm/exe.linux-riscv64@12.8.1':
    resolution: {integrity: sha512-z1ecpIK/ZY08Unk69KWWE9867oaKUytGUjrHnBoGFAAhsK+q+0cfvBH+f5fWobJ7FX97leMlLO+gkJolddM45Q==}
    cpu: [riscv64]
    os: [linux]
    libc: [glibc]

  '@pnpm/exe.linux-s390x@12.8.1':
    resolution: {integrity: sha512-KU6tnrBfu4uKXTq6N5qJwSm8FSrs9Wc8b5AUEsHK9bRXwNdsZ1/lRxG1++X29SKRW9OSNuDSjxASv5mAvGo1gA==}
    cpu: [s390x]
    os: [linux]
    libc: [glibc]

  '@pnpm/exe.linux-x64-musl@12.8.1':
    resolution: {integrity: sha512-eUE8BWJkDr2tJb/yrk0yVnszlmNqFarVxUlqiZ9BAkct28Nq/5g2H0tvMDmPA7fAQW3STNj+omJPPRVT+4s5sQ==}
    cpu: [x64]
    os: [linux]
    libc: [musl]

  '@pnpm/exe.linux-x64@12.8.1':
    resolution: {integrity: sha512-8bDZ0lZlCdi2rvnFul7EYgcC7zKeWSe76y8JV2oXobaS8p9i9d6PSf6LgLtTM0fI7R9Oh4eLCbveXyNDMmvZ+g==}
    cpu: [x64]
    os: [linux]
    libc: [glibc]

  '@pnpm/exe.win32-arm64@12.8.1':
    resolution: {integrity: sha512-MsT0dlrRxnCRCHCaosNbhWpEiAFnFuMEu3KuDJDU41BXgTwiINxU8goloUSUDejWZUqKaUqNC/qUTihl9nFtqg==}
    cpu: [arm64]
    os: [win32]

  '@pnpm/exe.win32-x64@12.8.1':
    resolution: {integrity: sha512-SWtPe0PsbTTk//gJND10tMdOfCYjrkq5+qV49hzVhY7xz2iJ339Rc+xwASlcvbwTfrvH39YNqpKYibD+CRGLwA==}
    cpu: [x64]
    os: [win32]

  pnpm@12.8.1:
    resolution: {integrity: sha512-9kupB1B/XOr+BsjTjmBS0BeURFgOwSed3Vv8EctIqoomRLZlmOB+dh2oSHKp/FfV+QK4f6SdAkGY1VhhKqu+RQ==}
    engines: {node: '>=18.*'}
    hasBin: true

snapshots:

  '@pnpm/exe.android-arm64@12.8.1':
    optional: true

  '@pnpm/exe.android-x64@12.8.1':
    optional: true

  '@pnpm/exe.darwin-arm64@12.8.1':
    optional: true

  '@pnpm/exe.darwin-x64@12.8.1':
    optional: true

  '@pnpm/exe.freebsd-x64@12.8.1':
    optional: true

  '@pnpm/exe.linux-arm64-musl@12.8.1':
    optional: true

  '@pnpm/exe.linux-arm64@12.8.1':
    optional: true

  '@pnpm/exe.linux-ppc64@12.8.1':
    optional: true

  '@pnpm/exe.linux-riscv64@12.8.1':
    optional: true

  '@pnpm/exe.linux-s390x@12.8.1':
    optional: true

  '@pnpm/exe.linux-x64-musl@12.8.1':
    optional: true

  '@pnpm/exe.linux-x64@12.8.1':
    optional: true

  '@pnpm/exe.win32-arm64@12.8.1':
    optional: true

  '@pnpm/exe.win32-x64@12.8.1':
    optional: true

  pnpm@12.8.1:
    optionalDependencies:
      '@pnpm/exe.android-arm64': 12.8.1
      '@pnpm/exe.android-x64': 12.8.1
      '@pnpm/exe.darwin-arm64': 12.8.1
      '@pnpm/exe.darwin-x64': 12.8.1
      '@pnpm/exe.freebsd-x64': 12.8.1
      '@pnpm/exe.linux-arm64': 12.8.1
      '@pnpm/exe.linux-arm64-musl': 12.8.1
      '@pnpm/exe.linux-ppc64': 12.8.1
      '@pnpm/exe.linux-riscv64': 12.8.1
      '@pnpm/exe.linux-s390x': 12.8.1
      '@pnpm/exe.linux-x64': 12.8.1
      '@pnpm/exe.linux-x64-musl': 12.8.1
      '@pnpm/exe.win32-arm64': 12.8.1
      '@pnpm/exe.win32-x64': 12.8.1

---
lockfileVersion: '9.0'

settings:
  autoInstallPeers: true
  excludeLinksFromLockfile: false

importers:

  .:
    dependencies:
      '@hono/node-server':
        specifier: ^2.1.1
        version: 2.1.1(hono@4.13.3)
      clean-css:
        specifier: ^5.3.3
        version: 5.3.3
      config:
        specifier: ^3.3.11
        version: 3.3.12
      dotenv:
        specifier: ^16.4.1
        version: 16.6.1
      hono:
        specifier: ^4.13.3
        version: 4.13.3
      terser:
        specifier: ^5.19.2
        version: 5.44.1
      ws:
        specifier: ^8.19.0
        version: 8.19.0

packages:

  '@hono/node-server@2.1.1':
    resolution: {integrity: sha512-ELuehkj5VCBdgEw9zs+ivkKwyzzUCSQuE96YmiPvn1ECBoZCczbFXJLeEGMTYjphP6gydh4pHMqEYPVMYUVgQg==}
    engines: {node: '>=20'}
    peerDependencies:
      hono: ^4

  '@jridgewell/gen-mapping@0.3.13':
    resolution: {integrity: sha512-2kkt/7niJ6MgEPxF0bYdQ6etZaA+fQvDcLKckhy1yIQOzaoKjBBjSj63/aLVjYE3qhRt5dvM+uUyfCg6UKCBbA==}

  '@jridgewell/resolve-uri@3.1.2':
    resolution: {integrity: sha512-bRISgCIjP20/tbWSPWMEi54QVPRZExkuD9lJL+UIxUKtwVJA8wW1Trb1jMs1RFXo1CBTNZ/5hpC9QvmKWdopKw==}
    engines: {node: '>=6.0.0'}

  '@jridgewell/source-map@0.3.11':
    resolution: {integrity: sha512-ZMp1V8ZFcPG5dIWnQLr3NSI1MiCU7UETdS/A0G8V/XWHvJv3ZsFqutJn1Y5RPmAPX6F3BiE397OqveU/9NCuIA==}

  '@jridgewell/sourcemap-codec@1.5.5':
    resolution: {integrity: sha512-cYQ9310grqxueWbl+WuIUIaiUaDcj7WOq5fVhEljNVgRfOUhY9fy2zTvfoqWsnebh8Sl70VScFbICvJnLKB0Og==}

  '@jridgewell/trace-mapping@0.3.31':
    resolution: {integrity: sha512-zzNR+SdQSDJzc8joaeP8QQoCQr8NuYx2dIIytl1QeBEZHJ9uW6hebsrYgbz8hJwUQao3TWCMtmfV8Nu1twOLAw==}

  acorn@8.15.0:
    resolution: {integrity: sha512-NZyJarBfL7nWwIq+FDL6Zp/yHEhePMNnnJ0y3qfieCrmNvYct8uvtiV41UvlSe6apAfk0fY1FbWx+NwfmpvtTg==}
    engines: {node: '>=0.4.0'}
    hasBin: true

  buffer-from@1.1.2:
    resolution: {integrity: sha512-E+XQCRwSbaaiChtv6k6Dwgc+bx+Bs6vuKJHHl5kox/BaKbhiXzqQOwK4cO22yElGp2OCmjwVhT3HmxgyPGnJfQ==}

  clean-css@5.3.3:
    resolution: {integrity: sha512-D5J+kHaVb/wKSFcyyV75uCn8fiY4sV38XJoe4CUyGQ+mOU/fMVYUdH1hJC+CJQ5uY3EnW27SbJYS4X8BiLrAFg==}
    engines: {node: '>= 10.0'}

  commander@2.20.3:
    resolution: {integrity: sha512-GpVkmM8vF2vQUkj2LvZmD35JxeJOLCwJ9cUkugyk2nuhbv3+mJvpLYYt+0+USMxE+oj+ey/lJEnhZw75x/OMcQ==}

  config@3.3.12:
    resolution: {integrity: sha512-Vmx389R/QVM3foxqBzXO8t2tUikYZP64Q6vQxGrsMpREeJc/aWRnPRERXWsYzOHAumx/AOoILWe6nU3ZJL+6Sw==}
    engines: {node: '>= 10.0.0'}

  dotenv@16.6.1:
    resolution: {integrity: sha512-uBq4egWHTcTt33a72vpSG0z3HnPuIl6NqYcTrKEg2azoEyl2hpW0zqlxysq2pK9HlDIHyHyakeYaYnSAwd8bow==}
    engines: {node: '>=12'}

  hono@4.13.3:
    resolution: {integrity: sha512-r8AO2mYHoLxSHkgafNeC/BXyb2vWRxD3jem4Ts+ptav8oTG5FIRifAjuJEmZI4bSvvc2ns0GxmIYiZnHqN3mMw==}
    engines: {node: '>=16.9.0'}

  json5@2.2.3:
    resolution: {integrity: sha512-XmOWe7eyHYH14cLdVPoyg+GOH3rYX++KpzrylJwSW98t3Nk+U8XOl8FWKOgwtzdb8lXGf6zYwDUzeHMWfxasyg==}
    engines: {node: '>=6'}
    hasBin: true

  source-map-support@0.5.21:
    resolution: {integrity: sha512-uBHU3L3czsIyYXKX88fdrGovxdSCoTGDRZ6SYXtSRxLZUzHg5P/66Ht6uoUlHu9EZod+inXhKo3qQgwXUT/y1w==}

  source-map@0.6.1:
    resolution: {integrity: sha512-UjgapumWlbMhkBgzT7Ykc5YXUT46F0iKu8SGXq0bcwP5dz/h0Plj6enJqjz1Zbq2l5WaqYnrVbwWOWMyF3F47g==}
    engines: {node: '>=0.10.0'}

  terser@5.44.1:
    resolution: {integrity: sha512-t/R3R/n0MSwnnazuPpPNVO60LX0SKL45pyl9YlvxIdkH0Of7D5qM2EVe+yASRIlY5pZ73nclYJfNANGWPwFDZw==}
    engines: {node: '>=10'}
    hasBin: true

  ws@8.19.0:
    resolution: {integrity: sha512-blAT2mjOEIi0ZzruJfIhb3nps74PRWTCz1IjglWEEpQl5XS/UNama6u2/rjFkDDouqr4L67ry+1aGIALViWjDg==}
    engines: {node: '>=10.0.0'}
    peerDependencies:
      bufferutil: ^4.0.1
      utf-8-validate: '>=5.0.2'
    peerDependenciesMeta:
      bufferutil:
        optional: true
      utf-8-validate:
        optional: true

snapshots:

  '@hono/node-server@2.1.1(hono@4.13.3)':
    dependencies:
      hono: 4.13.3

  '@jridgewell/gen-mapping@0.3.13':
    dependencies:
      '@jridgewell/sourcemap-codec': 1.5.5
      '@jridgewell/trace-mapping': 0.3.31

  '@jridgewell/resolve-uri@3.1.2': {}

  '@jridgewell/source-map@0.3.11':
    dependencies:
      '@jridgewell/gen-mapping': 0.3.13
      '@jridgewell/trace-mapping': 0.3.31

  '@jridgewell/sourcemap-codec@1.5.5': {}

  '@jridgewell/trace-mapping@0.3.31':
    dependencies:
      '@jridgewell/resolve-uri': 3.1.2
      '@jridgewell/sourcemap-codec': 1.5.5

  acorn@8.15.0: {}

  buffer-from@1.1.2: {}

  clean-css@5.3.3:
    dependencies:
      source-map: 0.6.1

  commander@2.20.3: {}

  config@3.3.12:
    dependencies:
      json5: 2.2.3

  dotenv@16.6.1: {}

  hono@4.13.3: {}

  json5@2.2.3: {}

  source-map-support@0.5.21:
    dependencies:
      buffer-from: 1.1.2
      source-map: 0.6.1

  source-map@0.6.1: {}

  terser@5.44.1:
    dependencies:
      '@jridgewell/source-map': 0.3.11
      acorn: 8.15.0
      commander: 2.20.3
      source-map-support: 0.5.21

  ws@8.19.0: {}
